
Microsoft Visual Studio Solution File, Format Version 11.00
# Visual Studio 2010
Project("{FAE04EC0-301F-11D3-BF4B-00C04F79EFBC}") = "Lotus", "Lotus\Lotus.csproj", "{DC8F3728-0326-4B2D-87A0-42520184DF53}"
EndProject
Project("{FAE04EC0-301F-11D3-BF4B-00C04F79EFBC}") = "Lotus.LocalTest", "Lotus.LocalTest\Lotus.LocalTest.csproj", "{06167D4F-DA5C-45F6-A7AA-026A1C940A53}"
EndProject
Global
	GlobalSection(SolutionConfigurationPlatforms) = preSolution
		Debug|Any CPU = Debug|Any CPU
		Debug|Mixed Platforms = Debug|Mixed Platforms
		Debug|x86 = Debug|x86
		Release|Any CPU = Release|Any CPU
		Release|Mixed Platforms = Release|Mixed Platforms
		Release|x86 = Release|x86
	EndGlobalSection
	GlobalSection(ProjectConfigurationPlatforms) = postSolution
		{DC8F3728-0326-4B2D-87A0-42520184DF53}.Debug|Any CPU.ActiveCfg = Debug|Any CPU
		{DC8F3728-0326-4B2D-87A0-42520184DF53}.Debug|Any CPU.Build.0 = Debug|Any CPU
		{DC8F3728-0326-4B2D-87A0-42520184DF53}.Debug|Mixed Platforms.ActiveCfg = Debug|Any CPU
		{DC8F3728-0326-4B2D-87A0-42520184DF53}.Debug|Mixed Platforms.Build.0 = Debug|Any CPU
		{DC8F3728-0326-4B2D-87A0-42520184DF53}.Debug|x86.ActiveCfg = Debug|Any CPU
		{DC8F3728-0326-4B2D-87A0-42520184DF53}.Release|Any CPU.ActiveCfg = Release|Any CPU
		{DC8F3728-0326-4B2D-87A0-42520184DF53}.Release|Any CPU.Build.0 = Release|Any CPU
		{DC8F3728-0326-4B2D-87A0-42520184DF53}.Release|Mixed Platforms.ActiveCfg = Release|Any CPU
		{DC8F3728-0326-4B2D-87A0-42520184DF53}.Release|Mixed Platforms.Build.0 = Release|Any CPU
		{DC8F3728-0326-4B2D-87A0-42520184DF53}.Release|x86.ActiveCfg = Release|Any CPU
		{06167D4F-DA5C-45F6-A7AA-026A1C940A53}.Debug|Any CPU.ActiveCfg = Debug|x86
		{06167D4F-DA5C-45F6-A7AA-026A1C940A53}.Debug|Mixed Platforms.ActiveCfg = Debug|x86
		{06167D4F-DA5C-45F6-A7AA-026A1C940A53}.Debug|Mixed Platforms.Build.0 = Debug|x86
		{06167D4F-DA5C-45F6-A7AA-026A1C940A53}.Debug|x86.ActiveCfg = Debug|x86
		{06167D4F-DA5C-45F6-A7AA-026A1C940A53}.Debug|x86.Build.0 = Debug|x86
		{06167D4F-DA5C-45F6-A7AA-026A1C940A53}.Release|Any CPU.ActiveCfg = Release|x86
		{06167D4F-DA5C-45F6-A7AA-026A1C940A53}.Release|Mixed Platforms.ActiveCfg = Release|x86
		{06167D4F-DA5C-45F6-A7AA-026A1C940A53}.Release|Mixed Platforms.Build.0 = Release|x86
		{06167D4F-DA5C-45F6-A7AA-026A1C940A53}.Release|x86.ActiveCfg = Release|x86
		{06167D4F-DA5C-45F6-A7AA-026A1C940A53}.Release|x86.Build.0 = Release|x86
	EndGlobalSection
	GlobalSection(SolutionProperties) = preSolution
		HideSolutionNode = FALSE
	EndGlobalSection
EndGlobal
